
Microsoft Visual Studio Solution File, Format Version 12.00
# Visual Studio Version 17
VisualStudioVersion = 17.10.35122.118
MinimumVisualStudioVersion = 10.0.40219.1
Project("{8BC9CEB8-8B4A-11D0-8D11-00A0C91BC942}") = "Game", "Game.vcxproj", "{E8D1701D-55D1-458A-942D-536EE53E54DB}"
EndProject
Project("{8BC9CEB8-8B4A-11D0-8D11-00A0C91BC942}") = "VoxelCore", "VoxelCore\VoxelCore.vcxproj", "{DD3A5B68-0E5D-411A-BD53-DD2C5762576E}"
EndProject
Project("{8BC9CEB8-8B4A-11D0-8D11-00A0C91BC942}") = "VoxelCoreTest", "VoxelCoreTest\VoxelCoreTest.vcxproj", "{736B0AE4-D7EF-4B22-B02B-1AC7A1A053E6}"
EndProject
Project("{8BC9CEB8-8B4A-11D0-8D11-00A0C91BC942}") = "Core", "Core\Core.vcxproj", "{C53C4960-F00D-4501-BC00-85D9C1263C94}"
EndProject
Project("{2150E333-8FDC-42A3-9474-1A3956D46DE8}") = "Games", "Games", "{90997D5E-B96A-4935-8F93-72FE5A57C41B}"
EndProject
Project("{2150E333-8FDC-42A3-9474-1A3956D46DE8}") = "Engine", "Engine", "{122E0DFC-5677-457D-9CA0-2E4C592927DB}"
EndProject
Project("{8BC9CEB8-8B4A-11D0-8D11-00A0C91BC942}") = "ConsoleGame", "ConsoleGame\ConsoleGame.vcxproj", "{F35FB900-3FCB-456D-B124-D3CCEA87AEDC}"
EndProject
Global
	GlobalSection(SolutionConfigurationPlatforms) = preSolution
		Debug|x64 = Debug|x64
		Debug|x86 = Debug|x86
		Release|x64 = Release|x64
		Release|x86 = Release|x86
	EndGlobalSection
	GlobalSection(ProjectConfigurationPlatforms) = postSolution
		{E8D1701D-55D1-458A-942D-536EE53E54DB}.Debug|x64.ActiveCfg = Debug|x64
		{E8D1701D-55D1-458A-942D-536EE53E54DB}.Debug|x64.Build.0 = Debug|x64
		{E8D1701D-55D1-458A-942D-536EE53E54DB}.Debug|x86.ActiveCfg = Debug|Win32
		{E8D1701D-55D1-458A-942D-536EE53E54DB}.Debug|x86.Build.0 = Debug|Win32
		{E8D1701D-55D1-458A-942D-536EE53E54DB}.Release|x64.ActiveCfg = Release|x64
		{E8D1701D-55D1-458A-942D-536EE53E54DB}.Release|x64.Build.0 = Release|x64
		{E8D1701D-55D1-458A-942D-536EE53E54DB}.Release|x86.ActiveCfg = Release|Win32
		{E8D1701D-55D1-458A-942D-536EE53E54DB}.Release|x86.Build.0 = Release|Win32
		{DD3A5B68-0E5D-411A-BD53-DD2C5762576E}.Debug|x64.ActiveCfg = Debug|x64
		{DD3A5B68-0E5D-411A-BD53-DD2C5762576E}.Debug|x64.Build.0 = Debug|x64
		{DD3A5B68-0E5D-411A-BD53-DD2C5762576E}.Debug|x86.ActiveCfg = Debug|Win32
		{DD3A5B68-0E5D-411A-BD53-DD2C5762576E}.Debug|x86.Build.0 = Debug|Win32
		{DD3A5B68-0E5D-411A-BD53-DD2C5762576E}.Release|x64.ActiveCfg = Release|x64
		{DD3A5B68-0E5D-411A-BD53-DD2C5762576E}.Release|x64.Build.0 = Release|x64
		{DD3A5B68-0E5D-411A-BD53-DD2C5762576E}.Release|x86.ActiveCfg = Release|Win32
		{DD3A5B68-0E5D-411A-BD53-DD2C5762576E}.Release|x86.Build.0 = Release|Win32
		{736B0AE4-D7EF-4B22-B02B-1AC7A1A053E6}.Debug|x64.ActiveCfg = Debug|x64
		{736B0AE4-D7EF-4B22-B02B-1AC7A1A053E6}.Debug|x64.Build.0 = Debug|x64
		{736B0AE4-D7EF-4B22-B02B-1AC7A1A053E6}.Debug|x86.ActiveCfg = Debug|Win32
		{736B0AE4-D7EF-4B22-B02B-1AC7A1A053E6}.Debug|x86.Build.0 = Debug|Win32
		{736B0AE4-D7EF-4B22-B02B-1AC7A1A053E6}.Release|x64.ActiveCfg = Release|x64
		{736B0AE4-D7EF-4B22-B02B-1AC7A1A053E6}.Release|x64.Build.0 = Release|x64
		{736B0AE4-D7EF-4B22-B02B-1AC7A1A053E6}.Release|x86.ActiveCfg = Release|Win32
		{736B0AE4-D7EF-4B22-B02B-1AC7A1A053E6}.Release|x86.Build.0 = Release|Win32
		{C53C4960-F00D-4501-BC00-85D9C1263C94}.Debug|x64.ActiveCfg = Debug|x64
		{C53C4960-F00D-4501-BC00-85D9C1263C94}.Debug|x64.Build.0 = Debug|x64
		{C53C4960-F00D-4501-BC00-85D9C1263C94}.Debug|x86.ActiveCfg = Debug|Win32
		{C53C4960-F00D-4501-BC00-85D9C1263C94}.Debug|x86.Build.0 = Debug|Win32
		{C53C4960-F00D-4501-BC00-85D9C1263C94}.Release|x64.ActiveCfg = Release|x64
		{C53C4960-F00D-4501-BC00-85D9C1263C94}.Release|x64.Build.0 = Release|x64
		{C53C4960-F00D-4501-BC00-85D9C1263C94}.Release|x86.ActiveCfg = Release|Win32
		{C53C4960-F00D-4501-BC00-85D9C1263C94}.Release|x86.Build.0 = Release|Win32
		{F35FB900-3FCB-456D-B124-D3CCEA87AEDC}.Debug|x64.ActiveCfg = Debug|x64
		{F35FB900-3FCB-456D-B124-D3CCEA87AEDC}.Debug|x64.Build.0 = Debug|x64
		{F35FB900-3FCB-456D-B124-D3CCEA87AEDC}.Debug|x86.ActiveCfg = Debug|Win32
		{F35FB900-3FCB-456D-B124-D3CCEA87AEDC}.Debug|x86.Build.0 = Debug|Win32
		{F35FB900-3FCB-456D-B124-D3CCEA87AEDC}.Release|x64.ActiveCfg = Release|x64
		{F35FB900-3FCB-456D-B124-D3CCEA87AEDC}.Release|x64.Build.0 = Release|x64
		{F35FB900-3FCB-456D-B124-D3CCEA87AEDC}.Release|x86.ActiveCfg = Release|Win32
		{F35FB900-3FCB-456D-B124-D3CCEA87AEDC}.Release|x86.Build.0 = Release|Win32
	EndGlobalSection
	GlobalSection(SolutionProperties) = preSolution
		HideSolutionNode = FALSE
	EndGlobalSection
	GlobalSection(ExtensibilityGlobals) = postSolution
		SolutionGuid = {C8CB7FA3-BF76-409F-9775-B031C7ADBA71}
	EndGlobalSection
	GlobalSection(NestedProjects) = preSolution
		{C53C4960-F00D-4501-BC00-85D9C1263C94} = {122E0DFC-5677-457D-9CA0-2E4C592927DB}
		{F35FB900-3FCB-456D-B124-D3CCEA87AEDC} = {90997D5E-B96A-4935-8F93-72FE5A57C41B}
	EndGlobalSection
EndGlobal
