
Microsoft Visual Studio Solution File, Format Version 12.00
# Visual Studio Version 17
VisualStudioVersion = 17.10.35122.118
MinimumVisualStudioVersion = 10.0.40219.1
Project("{8BC9CEB8-8B4A-11D0-8D11-00A0C91BC942}") = "Game", "Game\Game.vcxproj", "{E8D1701D-55D1-458A-942D-536EE53E54DB}"
EndProject
Project("{8BC9CEB8-8B4A-11D0-8D11-00A0C91BC942}") = "VoxelCore", "VoxelCore\VoxelCore.vcxproj", "{DD3A5B68-0E5D-411A-BD53-DD2C5762576E}"
EndProject
Project("{8BC9CEB8-8B4A-11D0-8D11-00A0C91BC942}") = "Core", "Core\Core.vcxproj", "{C53C4960-F00D-4501-BC00-85D9C1263C94}"
EndProject
Project("{2150E333-8FDC-42A3-9474-1A3956D46DE8}") = "Games", "Games", "{90997D5E-B96A-4935-8F93-72FE5A57C41B}"
EndProject
Project("{2150E333-8FDC-42A3-9474-1A3956D46DE8}") = "Engine", "Engine", "{122E0DFC-5677-457D-9CA0-2E4C592927DB}"
EndProject
Project("{8BC9CEB8-8B4A-11D0-8D11-00A0C91BC942}") = "SimpleConsoleGame", "SimpleConsoleGame\SimpleConsoleGame.vcxproj", "{F35FB900-3FCB-456D-B124-D3CCEA87AEDC}"
EndProject
Project("{8BC9CEB8-8B4A-11D0-8D11-00A0C91BC942}") = "Core.Tests", "Core.Tests\Core.Tests.vcxproj", "{E60B6B07-96F5-40D6-813A-F7C40854277E}"
EndProject
Project("{8BC9CEB8-8B4A-11D0-8D11-00A0C91BC942}") = "VoxelCore.Tests", "VoxelCore.Tests\VoxelCore.Tests.vcxproj", "{6B655D94-08C5-4246-9122-70A1B8364147}"
EndProject
Project("{8BC9CEB8-8B4A-11D0-8D11-00A0C91BC942}") = "Launch", "Launch\Launch.vcxproj", "{9A85673D-A117-4C91-9A5B-21AAB3CD27DF}"
EndProject
Project("{8BC9CEB8-8B4A-11D0-8D11-00A0C91BC942}") = "PlatformIncludesConsoleApplication", "PlatformIncludesConsoleApplication\PlatformIncludesConsoleApplication.vcxproj", "{AFADEE95-667E-4E5F-8D5D-9781AC196568}"
EndProject
Global
	GlobalSection(SolutionConfigurationPlatforms) = preSolution
		Debug|x64 = Debug|x64
		Debug|x86 = Debug|x86
		Release|x64 = Release|x64
		Release|x86 = Release|x86
	EndGlobalSection
	GlobalSection(ProjectConfigurationPlatforms) = postSolution
		{E8D1701D-55D1-458A-942D-536EE53E54DB}.Debug|x64.ActiveCfg = Debug|x64
		{E8D1701D-55D1-458A-942D-536EE53E54DB}.Debug|x64.Build.0 = Debug|x64
		{E8D1701D-55D1-458A-942D-536EE53E54DB}.Debug|x86.ActiveCfg = Debug|Win32
		{E8D1701D-55D1-458A-942D-536EE53E54DB}.Debug|x86.Build.0 = Debug|Win32
		{E8D1701D-55D1-458A-942D-536EE53E54DB}.Release|x64.ActiveCfg = Release|x64
		{E8D1701D-55D1-458A-942D-536EE53E54DB}.Release|x64.Build.0 = Release|x64
		{E8D1701D-55D1-458A-942D-536EE53E54DB}.Release|x86.ActiveCfg = Release|Win32
		{E8D1701D-55D1-458A-942D-536EE53E54DB}.Release|x86.Build.0 = Release|Win32
		{DD3A5B68-0E5D-411A-BD53-DD2C5762576E}.Debug|x64.ActiveCfg = Debug|x64
		{DD3A5B68-0E5D-411A-BD53-DD2C5762576E}.Debug|x64.Build.0 = Debug|x64
		{DD3A5B68-0E5D-411A-BD53-DD2C5762576E}.Debug|x86.ActiveCfg = Debug|Win32
		{DD3A5B68-0E5D-411A-BD53-DD2C5762576E}.Debug|x86.Build.0 = Debug|Win32
		{DD3A5B68-0E5D-411A-BD53-DD2C5762576E}.Release|x64.ActiveCfg = Release|x64
		{DD3A5B68-0E5D-411A-BD53-DD2C5762576E}.Release|x64.Build.0 = Release|x64
		{DD3A5B68-0E5D-411A-BD53-DD2C5762576E}.Release|x86.ActiveCfg = Release|Win32
		{DD3A5B68-0E5D-411A-BD53-DD2C5762576E}.Release|x86.Build.0 = Release|Win32
		{C53C4960-F00D-4501-BC00-85D9C1263C94}.Debug|x64.ActiveCfg = Debug|x64
		{C53C4960-F00D-4501-BC00-85D9C1263C94}.Debug|x64.Build.0 = Debug|x64
		{C53C4960-F00D-4501-BC00-85D9C1263C94}.Debug|x86.ActiveCfg = Debug|Win32
		{C53C4960-F00D-4501-BC00-85D9C1263C94}.Debug|x86.Build.0 = Debug|Win32
		{C53C4960-F00D-4501-BC00-85D9C1263C94}.Release|x64.ActiveCfg = Release|x64
		{C53C4960-F00D-4501-BC00-85D9C1263C94}.Release|x64.Build.0 = Release|x64
		{C53C4960-F00D-4501-BC00-85D9C1263C94}.Release|x86.ActiveCfg = Release|Win32
		{C53C4960-F00D-4501-BC00-85D9C1263C94}.Release|x86.Build.0 = Release|Win32
		{F35FB900-3FCB-456D-B124-D3CCEA87AEDC}.Debug|x64.ActiveCfg = Debug|x64
		{F35FB900-3FCB-456D-B124-D3CCEA87AEDC}.Debug|x64.Build.0 = Debug|x64
		{F35FB900-3FCB-456D-B124-D3CCEA87AEDC}.Debug|x86.ActiveCfg = Debug|Win32
		{F35FB900-3FCB-456D-B124-D3CCEA87AEDC}.Debug|x86.Build.0 = Debug|Win32
		{F35FB900-3FCB-456D-B124-D3CCEA87AEDC}.Release|x64.ActiveCfg = Release|x64
		{F35FB900-3FCB-456D-B124-D3CCEA87AEDC}.Release|x64.Build.0 = Release|x64
		{F35FB900-3FCB-456D-B124-D3CCEA87AEDC}.Release|x86.ActiveCfg = Release|Win32
		{F35FB900-3FCB-456D-B124-D3CCEA87AEDC}.Release|x86.Build.0 = Release|Win32
		{E60B6B07-96F5-40D6-813A-F7C40854277E}.Debug|x64.ActiveCfg = Debug|x64
		{E60B6B07-96F5-40D6-813A-F7C40854277E}.Debug|x64.Build.0 = Debug|x64
		{E60B6B07-96F5-40D6-813A-F7C40854277E}.Debug|x86.ActiveCfg = Debug|Win32
		{E60B6B07-96F5-40D6-813A-F7C40854277E}.Debug|x86.Build.0 = Debug|Win32
		{E60B6B07-96F5-40D6-813A-F7C40854277E}.Release|x64.ActiveCfg = Release|x64
		{E60B6B07-96F5-40D6-813A-F7C40854277E}.Release|x64.Build.0 = Release|x64
		{E60B6B07-96F5-40D6-813A-F7C40854277E}.Release|x86.ActiveCfg = Release|Win32
		{E60B6B07-96F5-40D6-813A-F7C40854277E}.Release|x86.Build.0 = Release|Win32
		{6B655D94-08C5-4246-9122-70A1B8364147}.Debug|x64.ActiveCfg = Debug|x64
		{6B655D94-08C5-4246-9122-70A1B8364147}.Debug|x64.Build.0 = Debug|x64
		{6B655D94-08C5-4246-9122-70A1B8364147}.Debug|x86.ActiveCfg = Debug|Win32
		{6B655D94-08C5-4246-9122-70A1B8364147}.Debug|x86.Build.0 = Debug|Win32
		{6B655D94-08C5-4246-9122-70A1B8364147}.Release|x64.ActiveCfg = Release|x64
		{6B655D94-08C5-4246-9122-70A1B8364147}.Release|x64.Build.0 = Release|x64
		{6B655D94-08C5-4246-9122-70A1B8364147}.Release|x86.ActiveCfg = Release|Win32
		{6B655D94-08C5-4246-9122-70A1B8364147}.Release|x86.Build.0 = Release|Win32
		{9A85673D-A117-4C91-9A5B-21AAB3CD27DF}.Debug|x64.ActiveCfg = Debug|x64
		{9A85673D-A117-4C91-9A5B-21AAB3CD27DF}.Debug|x64.Build.0 = Debug|x64
		{9A85673D-A117-4C91-9A5B-21AAB3CD27DF}.Debug|x86.ActiveCfg = Debug|Win32
		{9A85673D-A117-4C91-9A5B-21AAB3CD27DF}.Debug|x86.Build.0 = Debug|Win32
		{9A85673D-A117-4C91-9A5B-21AAB3CD27DF}.Release|x64.ActiveCfg = Release|x64
		{9A85673D-A117-4C91-9A5B-21AAB3CD27DF}.Release|x64.Build.0 = Release|x64
		{9A85673D-A117-4C91-9A5B-21AAB3CD27DF}.Release|x86.ActiveCfg = Release|Win32
		{9A85673D-A117-4C91-9A5B-21AAB3CD27DF}.Release|x86.Build.0 = Release|Win32
		{AFADEE95-667E-4E5F-8D5D-9781AC196568}.Debug|x64.ActiveCfg = Debug|x64
		{AFADEE95-667E-4E5F-8D5D-9781AC196568}.Debug|x64.Build.0 = Debug|x64
		{AFADEE95-667E-4E5F-8D5D-9781AC196568}.Debug|x86.ActiveCfg = Debug|Win32
		{AFADEE95-667E-4E5F-8D5D-9781AC196568}.Debug|x86.Build.0 = Debug|Win32
		{AFADEE95-667E-4E5F-8D5D-9781AC196568}.Release|x64.ActiveCfg = Release|x64
		{AFADEE95-667E-4E5F-8D5D-9781AC196568}.Release|x64.Build.0 = Release|x64
		{AFADEE95-667E-4E5F-8D5D-9781AC196568}.Release|x86.ActiveCfg = Release|Win32
		{AFADEE95-667E-4E5F-8D5D-9781AC196568}.Release|x86.Build.0 = Release|Win32
	EndGlobalSection
	GlobalSection(SolutionProperties) = preSolution
		HideSolutionNode = FALSE
	EndGlobalSection
	GlobalSection(ExtensibilityGlobals) = postSolution
		SolutionGuid = {C8CB7FA3-BF76-409F-9775-B031C7ADBA71}
	EndGlobalSection
	GlobalSection(NestedProjects) = preSolution
		{C53C4960-F00D-4501-BC00-85D9C1263C94} = {122E0DFC-5677-457D-9CA0-2E4C592927DB}
		{F35FB900-3FCB-456D-B124-D3CCEA87AEDC} = {90997D5E-B96A-4935-8F93-72FE5A57C41B}
		{E60B6B07-96F5-40D6-813A-F7C40854277E} = {122E0DFC-5677-457D-9CA0-2E4C592927DB}
		{E8D1701D-55D1-458A-942D-536EE53E54DB} = {90997D5E-B96A-4935-8F93-72FE5A57C41B}
		{DD3A5B68-0E5D-411A-BD53-DD2C5762576E} = {122E0DFC-5677-457D-9CA0-2E4C592927DB}
		{6B655D94-08C5-4246-9122-70A1B8364147} = {122E0DFC-5677-457D-9CA0-2E4C592927DB}
		{9A85673D-A117-4C91-9A5B-21AAB3CD27DF} = {122E0DFC-5677-457D-9CA0-2E4C592927DB}
		{AFADEE95-667E-4E5F-8D5D-9781AC196568} = {90997D5E-B96A-4935-8F93-72FE5A57C41B}
	EndGlobalSection
EndGlobal
